// !$*UTF8*$!
{
	archiveVersion = 1;
	classes = {
	};
	objectVersion = 50;
	objects = {

/* Begin PBXBuildFile section */
		070E9B9945AC15E74BC6D355 /* Pods_DayLights.framework in Frameworks */ = {isa = PBXBuildFile; fileRef = 1F0CD8B72A54792D18BDF310 /* Pods_DayLights.framework */; };
		F61176272300F35500121F15 /* NegativeThoughtsEntering.swift in Sources */ = {isa = PBXBuildFile; fileRef = F61176262300F35500121F15 /* NegativeThoughtsEntering.swift */; };
		F614E20823010CB50041D628 /* NegativeThoughtsGame.swift in Sources */ = {isa = PBXBuildFile; fileRef = F614E20723010CB50041D628 /* NegativeThoughtsGame.swift */; };
		F614E20B230117250041D628 /* GameCell.swift in Sources */ = {isa = PBXBuildFile; fileRef = F614E20A230117250041D628 /* GameCell.swift */; };
		F616C67D224DE4F300C85721 /* FunnyTableViewCell.swift in Sources */ = {isa = PBXBuildFile; fileRef = F616C67C224DE4F300C85721 /* FunnyTableViewCell.swift */; };
		F61832A722506BCE0083886A /* BarCell.swift in Sources */ = {isa = PBXBuildFile; fileRef = F61832A622506BCE0083886A /* BarCell.swift */; };
		F61F8E3722FE4C6E00080D31 /* LeftCollectionViewCell.swift in Sources */ = {isa = PBXBuildFile; fileRef = F61F8E3622FE4C6E00080D31 /* LeftCollectionViewCell.swift */; };
		F61F8E3D22FE4FE200080D31 /* DidWellCollectionVC.swift in Sources */ = {isa = PBXBuildFile; fileRef = F61F8E3C22FE4FE200080D31 /* DidWellCollectionVC.swift */; };
		F627BA362309046700F888A3 /* OKAlert.swift in Sources */ = {isa = PBXBuildFile; fileRef = F627BA352309046700F888A3 /* OKAlert.swift */; };
		F627BA3823091DB800F888A3 /* PrivacyPolicyAlert.swift in Sources */ = {isa = PBXBuildFile; fileRef = F627BA3723091DB800F888A3 /* PrivacyPolicyAlert.swift */; };
		F627BA3A23091F9A00F888A3 /* EnterNotiAlert.swift in Sources */ = {isa = PBXBuildFile; fileRef = F627BA3923091F9A00F888A3 /* EnterNotiAlert.swift */; };
		F627BA3C2309288B00F888A3 /* SettingsVC.swift in Sources */ = {isa = PBXBuildFile; fileRef = F627BA3B2309288B00F888A3 /* SettingsVC.swift */; };
		F65DA8BB225C660D00DF0F8C /* ResourcesTableViewController.swift in Sources */ = {isa = PBXBuildFile; fileRef = F65DA8BA225C660D00DF0F8C /* ResourcesTableViewController.swift */; };
		F68954B522FF43BC00D23B5B /* EntryAlert.swift in Sources */ = {isa = PBXBuildFile; fileRef = F68954B422FF43BC00D23B5B /* EntryAlert.swift */; };
		F68A4227225C6BF300B56FA1 /* OrganizationCell.swift in Sources */ = {isa = PBXBuildFile; fileRef = F68A4226225C6BF300B56FA1 /* OrganizationCell.swift */; };
		F68CF9FD2249F1A1001138FE /* AppDelegate.swift in Sources */ = {isa = PBXBuildFile; fileRef = F68CF9FC2249F1A1001138FE /* AppDelegate.swift */; };
		F68CF9FF2249F1A1001138FE /* ViewController.swift in Sources */ = {isa = PBXBuildFile; fileRef = F68CF9FE2249F1A1001138FE /* ViewController.swift */; };
		F68CFA022249F1A1001138FE /* Main.storyboard in Resources */ = {isa = PBXBuildFile; fileRef = F68CFA002249F1A1001138FE /* Main.storyboard */; };
		F68CFA052249F1A1001138FE /* DayLights.xcdatamodeld in Sources */ = {isa = PBXBuildFile; fileRef = F68CFA032249F1A1001138FE /* DayLights.xcdatamodeld */; };
		F68CFA072249F1A2001138FE /* Assets.xcassets in Resources */ = {isa = PBXBuildFile; fileRef = F68CFA062249F1A2001138FE /* Assets.xcassets */; };
		F68CFA0A2249F1A2001138FE /* LaunchScreen.storyboard in Resources */ = {isa = PBXBuildFile; fileRef = F68CFA082249F1A2001138FE /* LaunchScreen.storyboard */; };
		F68CFA13224A013B001138FE /* CoreDataHelper.swift in Sources */ = {isa = PBXBuildFile; fileRef = F68CFA12224A013B001138FE /* CoreDataHelper.swift */; };
		F6902856224B1DDF003E26E4 /* ContainerVC.swift in Sources */ = {isa = PBXBuildFile; fileRef = F6902855224B1DDF003E26E4 /* ContainerVC.swift */; };
		F691978F224C975A00554EFA /* DidWellTableViewCell.swift in Sources */ = {isa = PBXBuildFile; fileRef = F691978E224C975A00554EFA /* DidWellTableViewCell.swift */; };
		F6919791224C976500554EFA /* GratefulTableViewCell.swift in Sources */ = {isa = PBXBuildFile; fileRef = F6919790224C976500554EFA /* GratefulTableViewCell.swift */; };
		F69C9E7F2262B43F00CFF1AC /* SearchDayLight.swift in Sources */ = {isa = PBXBuildFile; fileRef = F69C9E7E2262B43F00CFF1AC /* SearchDayLight.swift */; };
		F69C9E812262B48400CFF1AC /* SearchDayLightCell.swift in Sources */ = {isa = PBXBuildFile; fileRef = F69C9E802262B48400CFF1AC /* SearchDayLightCell.swift */; };
		F69C9E832262DC7300CFF1AC /* ShowAll.swift in Sources */ = {isa = PBXBuildFile; fileRef = F69C9E822262DC7300CFF1AC /* ShowAll.swift */; };
		F69C9E852262DC8000CFF1AC /* ShowAllCell.swift in Sources */ = {isa = PBXBuildFile; fileRef = F69C9E842262DC8000CFF1AC /* ShowAllCell.swift */; };
		F6A0B38922FFE3A400DD8A03 /* EntryAlertCell.swift in Sources */ = {isa = PBXBuildFile; fileRef = F6A0B38822FFE3A400DD8A03 /* EntryAlertCell.swift */; };
		F6BACC42224DFCEB00430B79 /* MoodVC.swift in Sources */ = {isa = PBXBuildFile; fileRef = F6BACC41224DFCEB00430B79 /* MoodVC.swift */; };
		F6C5B8FC22FE06FE00078675 /* Chart.swift in Sources */ = {isa = PBXBuildFile; fileRef = F6C5B8FB22FE06FE00078675 /* Chart.swift */; };
		F6C5B8FE22FE1D8200078675 /* GraphTableViewCell.swift in Sources */ = {isa = PBXBuildFile; fileRef = F6C5B8FD22FE1D8200078675 /* GraphTableViewCell.swift */; };
		F6C6E49A2300F4E700A1612B /* NegativeThoughtsCell.swift in Sources */ = {isa = PBXBuildFile; fileRef = F6C6E4992300F4E700A1612B /* NegativeThoughtsCell.swift */; };
		F6E110392300DB330033C4CA /* YesNoAlert.swift in Sources */ = {isa = PBXBuildFile; fileRef = F6E110382300DB330033C4CA /* YesNoAlert.swift */; };
		F6E8B628230DD4CA004104D7 /* RandomBalloonsVC.swift in Sources */ = {isa = PBXBuildFile; fileRef = F6E8B627230DD4CA004104D7 /* RandomBalloonsVC.swift */; };
		F6E8B62A230E67E6004104D7 /* GameSettingsAlert.swift in Sources */ = {isa = PBXBuildFile; fileRef = F6E8B629230E67E5004104D7 /* GameSettingsAlert.swift */; };
		F6E8B62C230E734C004104D7 /* balloonPopping.mp4 in Resources */ = {isa = PBXBuildFile; fileRef = F6E8B62B230E734C004104D7 /* balloonPopping.mp4 */; };
		F6E8B630230E73CE004104D7 /* popBalloon.gif in Resources */ = {isa = PBXBuildFile; fileRef = F6E8B62F230E73CE004104D7 /* popBalloon.gif */; };
		F6F79ECD224B3DB700A1DAC8 /* Side.swift in Sources */ = {isa = PBXBuildFile; fileRef = F6F79ECC224B3DB700A1DAC8 /* Side.swift */; };
/* End PBXBuildFile section */

/* Begin PBXFileReference section */
		1F0CD8B72A54792D18BDF310 /* Pods_DayLights.framework */ = {isa = PBXFileReference; explicitFileType = wrapper.framework; includeInIndex = 0; path = Pods_DayLights.framework; sourceTree = BUILT_PRODUCTS_DIR; };
		36CF2CEA58C2B9C838144870 /* Pods-DayLights.debug.xcconfig */ = {isa = PBXFileReference; includeInIndex = 1; lastKnownFileType = text.xcconfig; name = "Pods-DayLights.debug.xcconfig"; path = "Pods/Target Support Files/Pods-DayLights/Pods-DayLights.debug.xcconfig"; sourceTree = "<group>"; };
		8084A9830B0DF2E1C65E9034 /* Pods-DayLights.release.xcconfig */ = {isa = PBXFileReference; includeInIndex = 1; lastKnownFileType = text.xcconfig; name = "Pods-DayLights.release.xcconfig"; path = "Pods/Target Support Files/Pods-DayLights/Pods-DayLights.release.xcconfig"; sourceTree = "<group>"; };
		F61176262300F35500121F15 /* NegativeThoughtsEntering.swift */ = {isa = PBXFileReference; lastKnownFileType = sourcecode.swift; path = NegativeThoughtsEntering.swift; sourceTree = "<group>"; };
		F614E20723010CB50041D628 /* NegativeThoughtsGame.swift */ = {isa = PBXFileReference; lastKnownFileType = sourcecode.swift; path = NegativeThoughtsGame.swift; sourceTree = "<group>"; };
		F614E20A230117250041D628 /* GameCell.swift */ = {isa = PBXFileReference; lastKnownFileType = sourcecode.swift; path = GameCell.swift; sourceTree = "<group>"; };
		F616C67C224DE4F300C85721 /* FunnyTableViewCell.swift */ = {isa = PBXFileReference; lastKnownFileType = sourcecode.swift; path = FunnyTableViewCell.swift; sourceTree = "<group>"; };
		F61832A622506BCE0083886A /* BarCell.swift */ = {isa = PBXFileReference; lastKnownFileType = sourcecode.swift; path = BarCell.swift; sourceTree = "<group>"; };
		F61F8E3622FE4C6E00080D31 /* LeftCollectionViewCell.swift */ = {isa = PBXFileReference; lastKnownFileType = sourcecode.swift; path = LeftCollectionViewCell.swift; sourceTree = "<group>"; };
		F61F8E3C22FE4FE200080D31 /* DidWellCollectionVC.swift */ = {isa = PBXFileReference; lastKnownFileType = sourcecode.swift; path = DidWellCollectionVC.swift; sourceTree = "<group>"; };
		F627BA352309046700F888A3 /* OKAlert.swift */ = {isa = PBXFileReference; lastKnownFileType = sourcecode.swift; path = OKAlert.swift; sourceTree = "<group>"; };
		F627BA3723091DB800F888A3 /* PrivacyPolicyAlert.swift */ = {isa = PBXFileReference; lastKnownFileType = sourcecode.swift; path = PrivacyPolicyAlert.swift; sourceTree = "<group>"; };
		F627BA3923091F9A00F888A3 /* EnterNotiAlert.swift */ = {isa = PBXFileReference; lastKnownFileType = sourcecode.swift; path = EnterNotiAlert.swift; sourceTree = "<group>"; };
		F627BA3B2309288B00F888A3 /* SettingsVC.swift */ = {isa = PBXFileReference; lastKnownFileType = sourcecode.swift; path = SettingsVC.swift; sourceTree = "<group>"; };
		F65DA8BA225C660D00DF0F8C /* ResourcesTableViewController.swift */ = {isa = PBXFileReference; lastKnownFileType = sourcecode.swift; path = ResourcesTableViewController.swift; sourceTree = "<group>"; };
		F68954B422FF43BC00D23B5B /* EntryAlert.swift */ = {isa = PBXFileReference; lastKnownFileType = sourcecode.swift; path = EntryAlert.swift; sourceTree = "<group>"; };
		F68A4226225C6BF300B56FA1 /* OrganizationCell.swift */ = {isa = PBXFileReference; lastKnownFileType = sourcecode.swift; path = OrganizationCell.swift; sourceTree = "<group>"; };
		F68CF9F92249F1A1001138FE /* DayLights.app */ = {isa = PBXFileReference; explicitFileType = wrapper.application; includeInIndex = 0; path = DayLights.app; sourceTree = BUILT_PRODUCTS_DIR; };
		F68CF9FC2249F1A1001138FE /* AppDelegate.swift */ = {isa = PBXFileReference; lastKnownFileType = sourcecode.swift; path = AppDelegate.swift; sourceTree = "<group>"; };
		F68CF9FE2249F1A1001138FE /* ViewController.swift */ = {isa = PBXFileReference; lastKnownFileType = sourcecode.swift; path = ViewController.swift; sourceTree = "<group>"; };
		F68CFA012249F1A1001138FE /* Base */ = {isa = PBXFileReference; lastKnownFileType = file.storyboard; name = Base; path = Base.lproj/Main.storyboard; sourceTree = "<group>"; };
		F68CFA042249F1A1001138FE /* DayLights.xcdatamodel */ = {isa = PBXFileReference; lastKnownFileType = wrapper.xcdatamodel; path = DayLights.xcdatamodel; sourceTree = "<group>"; };
		F68CFA062249F1A2001138FE /* Assets.xcassets */ = {isa = PBXFileReference; lastKnownFileType = folder.assetcatalog; path = Assets.xcassets; sourceTree = "<group>"; };
		F68CFA092249F1A2001138FE /* Base */ = {isa = PBXFileReference; lastKnownFileType = file.storyboard; name = Base; path = Base.lproj/LaunchScreen.storyboard; sourceTree = "<group>"; };
		F68CFA0B2249F1A2001138FE /* Info.plist */ = {isa = PBXFileReference; lastKnownFileType = text.plist.xml; path = Info.plist; sourceTree = "<group>"; };
		F68CFA12224A013B001138FE /* CoreDataHelper.swift */ = {isa = PBXFileReference; lastKnownFileType = sourcecode.swift; path = CoreDataHelper.swift; sourceTree = "<group>"; };
		F6902855224B1DDF003E26E4 /* ContainerVC.swift */ = {isa = PBXFileReference; lastKnownFileType = sourcecode.swift; path = ContainerVC.swift; sourceTree = "<group>"; };
		F691978E224C975A00554EFA /* DidWellTableViewCell.swift */ = {isa = PBXFileReference; lastKnownFileType = sourcecode.swift; path = DidWellTableViewCell.swift; sourceTree = "<group>"; };
		F6919790224C976500554EFA /* GratefulTableViewCell.swift */ = {isa = PBXFileReference; lastKnownFileType = sourcecode.swift; path = GratefulTableViewCell.swift; sourceTree = "<group>"; };
		F69C9E7E2262B43F00CFF1AC /* SearchDayLight.swift */ = {isa = PBXFileReference; lastKnownFileType = sourcecode.swift; path = SearchDayLight.swift; sourceTree = "<group>"; };
		F69C9E802262B48400CFF1AC /* SearchDayLightCell.swift */ = {isa = PBXFileReference; lastKnownFileType = sourcecode.swift; path = SearchDayLightCell.swift; sourceTree = "<group>"; };
		F69C9E822262DC7300CFF1AC /* ShowAll.swift */ = {isa = PBXFileReference; lastKnownFileType = sourcecode.swift; path = ShowAll.swift; sourceTree = "<group>"; };
		F69C9E842262DC8000CFF1AC /* ShowAllCell.swift */ = {isa = PBXFileReference; lastKnownFileType = sourcecode.swift; path = ShowAllCell.swift; sourceTree = "<group>"; };
		F6A0B38822FFE3A400DD8A03 /* EntryAlertCell.swift */ = {isa = PBXFileReference; lastKnownFileType = sourcecode.swift; path = EntryAlertCell.swift; sourceTree = "<group>"; };
		F6BACC41224DFCEB00430B79 /* MoodVC.swift */ = {isa = PBXFileReference; lastKnownFileType = sourcecode.swift; path = MoodVC.swift; sourceTree = "<group>"; };
		F6C5B8FB22FE06FE00078675 /* Chart.swift */ = {isa = PBXFileReference; lastKnownFileType = sourcecode.swift; path = Chart.swift; sourceTree = "<group>"; };
		F6C5B8FD22FE1D8200078675 /* GraphTableViewCell.swift */ = {isa = PBXFileReference; lastKnownFileType = sourcecode.swift; path = GraphTableViewCell.swift; sourceTree = "<group>"; };
		F6C6E4992300F4E700A1612B /* NegativeThoughtsCell.swift */ = {isa = PBXFileReference; lastKnownFileType = sourcecode.swift; path = NegativeThoughtsCell.swift; sourceTree = "<group>"; };
		F6E110382300DB330033C4CA /* YesNoAlert.swift */ = {isa = PBXFileReference; lastKnownFileType = sourcecode.swift; path = YesNoAlert.swift; sourceTree = "<group>"; };
		F6E8B627230DD4CA004104D7 /* RandomBalloonsVC.swift */ = {isa = PBXFileReference; lastKnownFileType = sourcecode.swift; path = RandomBalloonsVC.swift; sourceTree = "<group>"; };
		F6E8B629230E67E5004104D7 /* GameSettingsAlert.swift */ = {isa = PBXFileReference; lastKnownFileType = sourcecode.swift; path = GameSettingsAlert.swift; sourceTree = "<group>"; };
		F6E8B62B230E734C004104D7 /* balloonPopping.mp4 */ = {isa = PBXFileReference; lastKnownFileType = file; path = balloonPopping.mp4; sourceTree = "<group>"; };
		F6E8B62F230E73CE004104D7 /* popBalloon.gif */ = {isa = PBXFileReference; lastKnownFileType = image.gif; path = popBalloon.gif; sourceTree = "<group>"; };
		F6EBC5EF225F12E7005EB363 /* DayLights.entitlements */ = {isa = PBXFileReference; lastKnownFileType = text.plist.entitlements; path = DayLights.entitlements; sourceTree = "<group>"; };
		F6F79ECC224B3DB700A1DAC8 /* Side.swift */ = {isa = PBXFileReference; lastKnownFileType = sourcecode.swift; path = Side.swift; sourceTree = "<group>"; };
/* End PBXFileReference section */

/* Begin PBXFrameworksBuildPhase section */
		F68CF9F62249F1A1001138FE /* Frameworks */ = {
			isa = PBXFrameworksBuildPhase;
			buildActionMask = 2147483647;
			files = (
				070E9B9945AC15E74BC6D355 /* Pods_DayLights.framework in Frameworks */,
			);
			runOnlyForDeploymentPostprocessing = 0;
		};
/* End PBXFrameworksBuildPhase section */

/* Begin PBXGroup section */
		0212A5550E821AAEBCC7CA38 /* Pods */ = {
			isa = PBXGroup;
			children = (
				36CF2CEA58C2B9C838144870 /* Pods-DayLights.debug.xcconfig */,
				8084A9830B0DF2E1C65E9034 /* Pods-DayLights.release.xcconfig */,
			);
			name = Pods;
			sourceTree = "<group>";
		};
		78A0406CDB7F0B1B1FB36A1A /* Frameworks */ = {
			isa = PBXGroup;
			children = (
				1F0CD8B72A54792D18BDF310 /* Pods_DayLights.framework */,
			);
			name = Frameworks;
			sourceTree = "<group>";
		};
		F614E20923010CBB0041D628 /* NegativeThoughtsGame */ = {
			isa = PBXGroup;
			children = (
				F614E20723010CB50041D628 /* NegativeThoughtsGame.swift */,
				F614E20A230117250041D628 /* GameCell.swift */,
				F61176262300F35500121F15 /* NegativeThoughtsEntering.swift */,
				F6C6E4992300F4E700A1612B /* NegativeThoughtsCell.swift */,
				F6E8B627230DD4CA004104D7 /* RandomBalloonsVC.swift */,
			);
			path = NegativeThoughtsGame;
			sourceTree = "<group>";
		};
		F61F8E3522FE4C5A00080D31 /* CollectionView */ = {
			isa = PBXGroup;
			children = (
				F61F8E3622FE4C6E00080D31 /* LeftCollectionViewCell.swift */,
				F61F8E3C22FE4FE200080D31 /* DidWellCollectionVC.swift */,
			);
			path = CollectionView;
			sourceTree = "<group>";
		};
		F68CF9F02249F1A1001138FE = {
			isa = PBXGroup;
			children = (
				F6E8B62F230E73CE004104D7 /* popBalloon.gif */,
				F6E8B62B230E734C004104D7 /* balloonPopping.mp4 */,
				F614E20923010CBB0041D628 /* NegativeThoughtsGame */,
				F6AA6ED322FFEB5D0070652B /* Alerts */,
				F61F8E3522FE4C5A00080D31 /* CollectionView */,
				F6902852224B1810003E26E4 /* Controller */,
				F6EDDF1A224F0CFB009A1C0F /* Cells */,
				F68CFA11224A012F001138FE /* Helpers */,
				F68CF9FB2249F1A1001138FE /* DayLights */,
				F68CF9FA2249F1A1001138FE /* Products */,
				0212A5550E821AAEBCC7CA38 /* Pods */,
				78A0406CDB7F0B1B1FB36A1A /* Frameworks */,
			);
			sourceTree = "<group>";
		};
		F68CF9FA2249F1A1001138FE /* Products */ = {
			isa = PBXGroup;
			children = (
				F68CF9F92249F1A1001138FE /* DayLights.app */,
			);
			name = Products;
			sourceTree = "<group>";
		};
		F68CF9FB2249F1A1001138FE /* DayLights */ = {
			isa = PBXGroup;
			children = (
				F6EBC5EF225F12E7005EB363 /* DayLights.entitlements */,
				F68CF9FC2249F1A1001138FE /* AppDelegate.swift */,
				F68CFA002249F1A1001138FE /* Main.storyboard */,
				F68CFA062249F1A2001138FE /* Assets.xcassets */,
				F68CFA082249F1A2001138FE /* LaunchScreen.storyboard */,
				F68CFA0B2249F1A2001138FE /* Info.plist */,
				F68CFA032249F1A1001138FE /* DayLights.xcdatamodeld */,
			);
			path = DayLights;
			sourceTree = "<group>";
		};
		F68CFA11224A012F001138FE /* Helpers */ = {
			isa = PBXGroup;
			children = (
				F68CFA12224A013B001138FE /* CoreDataHelper.swift */,
			);
			path = Helpers;
			sourceTree = "<group>";
		};
		F6902852224B1810003E26E4 /* Controller */ = {
			isa = PBXGroup;
			children = (
				F68CF9FE2249F1A1001138FE /* ViewController.swift */,
				F6902855224B1DDF003E26E4 /* ContainerVC.swift */,
				F6F79ECC224B3DB700A1DAC8 /* Side.swift */,
				F6BACC41224DFCEB00430B79 /* MoodVC.swift */,
				F65DA8BA225C660D00DF0F8C /* ResourcesTableViewController.swift */,
				F69C9E7E2262B43F00CFF1AC /* SearchDayLight.swift */,
				F69C9E822262DC7300CFF1AC /* ShowAll.swift */,
				F6C5B8FB22FE06FE00078675 /* Chart.swift */,
				F627BA3B2309288B00F888A3 /* SettingsVC.swift */,
			);
			path = Controller;
			sourceTree = "<group>";
		};
		F6AA6ED322FFEB5D0070652B /* Alerts */ = {
			isa = PBXGroup;
			children = (
				F6A0B38822FFE3A400DD8A03 /* EntryAlertCell.swift */,
				F68954B422FF43BC00D23B5B /* EntryAlert.swift */,
				F6E110382300DB330033C4CA /* YesNoAlert.swift */,
				F627BA352309046700F888A3 /* OKAlert.swift */,
				F627BA3723091DB800F888A3 /* PrivacyPolicyAlert.swift */,
				F627BA3923091F9A00F888A3 /* EnterNotiAlert.swift */,
				F6E8B629230E67E5004104D7 /* GameSettingsAlert.swift */,
			);
			path = Alerts;
			sourceTree = "<group>";
		};
		F6EDDF1A224F0CFB009A1C0F /* Cells */ = {
			isa = PBXGroup;
			children = (
				F691978E224C975A00554EFA /* DidWellTableViewCell.swift */,
				F616C67C224DE4F300C85721 /* FunnyTableViewCell.swift */,
				F6919790224C976500554EFA /* GratefulTableViewCell.swift */,
				F61832A622506BCE0083886A /* BarCell.swift */,
				F68A4226225C6BF300B56FA1 /* OrganizationCell.swift */,
				F69C9E802262B48400CFF1AC /* SearchDayLightCell.swift */,
				F69C9E842262DC8000CFF1AC /* ShowAllCell.swift */,
				F6C5B8FD22FE1D8200078675 /* GraphTableViewCell.swift */,
			);
			path = Cells;
			sourceTree = "<group>";
		};
/* End PBXGroup section */

/* Begin PBXNativeTarget section */
		F68CF9F82249F1A1001138FE /* DayLights */ = {
			isa = PBXNativeTarget;
			buildConfigurationList = F68CFA0E2249F1A2001138FE /* Build configuration list for PBXNativeTarget "DayLights" */;
			buildPhases = (
				2943F10288EB9F76D8026A7E /* [CP] Check Pods Manifest.lock */,
				F68CF9F52249F1A1001138FE /* Sources */,
				F68CF9F62249F1A1001138FE /* Frameworks */,
				F68CF9F72249F1A1001138FE /* Resources */,
				F6762936226645A6006723F5 /* ShellScript */,
				2BABDD058082C8223026B2DE /* [CP] Embed Pods Frameworks */,
			);
			buildRules = (
			);
			dependencies = (
			);
			name = DayLights;
			productName = DayLights;
			productReference = F68CF9F92249F1A1001138FE /* DayLights.app */;
			productType = "com.apple.product-type.application";
		};
/* End PBXNativeTarget section */

/* Begin PBXProject section */
		F68CF9F12249F1A1001138FE /* Project object */ = {
			isa = PBXProject;
			attributes = {
				LastSwiftUpdateCheck = 1010;
				LastUpgradeCheck = 1010;
				ORGANIZATIONNAME = AudreyHa;
				TargetAttributes = {
					F68CF9F82249F1A1001138FE = {
						CreatedOnToolsVersion = 10.1;
						SystemCapabilities = {
							com.apple.Push = {
								enabled = 0;
							};
						};
					};
				};
			};
			buildConfigurationList = F68CF9F42249F1A1001138FE /* Build configuration list for PBXProject "DayLights" */;
			compatibilityVersion = "Xcode 9.3";
			developmentRegion = en;
			hasScannedForEncodings = 0;
			knownRegions = (
				en,
				Base,
			);
			mainGroup = F68CF9F02249F1A1001138FE;
			productRefGroup = F68CF9FA2249F1A1001138FE /* Products */;
			projectDirPath = "";
			projectRoot = "";
			targets = (
				F68CF9F82249F1A1001138FE /* DayLights */,
			);
		};
/* End PBXProject section */

/* Begin PBXResourcesBuildPhase section */
		F68CF9F72249F1A1001138FE /* Resources */ = {
			isa = PBXResourcesBuildPhase;
			buildActionMask = 2147483647;
			files = (
				F6E8B630230E73CE004104D7 /* popBalloon.gif in Resources */,
				F6E8B62C230E734C004104D7 /* balloonPopping.mp4 in Resources */,
				F68CFA0A2249F1A2001138FE /* LaunchScreen.storyboard in Resources */,
				F68CFA072249F1A2001138FE /* Assets.xcassets in Resources */,
				F68CFA022249F1A1001138FE /* Main.storyboard in Resources */,
			);
			runOnlyForDeploymentPostprocessing = 0;
		};
/* End PBXResourcesBuildPhase section */

/* Begin PBXShellScriptBuildPhase section */
		2943F10288EB9F76D8026A7E /* [CP] Check Pods Manifest.lock */ = {
			isa = PBXShellScriptBuildPhase;
			buildActionMask = 2147483647;
			files = (
			);
			inputPaths = (
				"${PODS_PODFILE_DIR_PATH}/Podfile.lock",
				"${PODS_ROOT}/Manifest.lock",
			);
			name = "[CP] Check Pods Manifest.lock";
			outputPaths = (
				"$(DERIVED_FILE_DIR)/Pods-DayLights-checkManifestLockResult.txt",
			);
			runOnlyForDeploymentPostprocessing = 0;
			shellPath = /bin/sh;
			shellScript = "diff \"${PODS_PODFILE_DIR_PATH}/Podfile.lock\" \"${PODS_ROOT}/Manifest.lock\" > /dev/null\nif [ $? != 0 ] ; then\n    # print error to STDERR\n    echo \"error: The sandbox is not in sync with the Podfile.lock. Run 'pod install' or update your CocoaPods installation.\" >&2\n    exit 1\nfi\n# This output is used by Xcode 'outputs' to avoid re-running this script phase.\necho \"SUCCESS\" > \"${SCRIPT_OUTPUT_FILE_0}\"\n";
			showEnvVarsInLog = 0;
		};
		2BABDD058082C8223026B2DE /* [CP] Embed Pods Frameworks */ = {
			isa = PBXShellScriptBuildPhase;
			buildActionMask = 2147483647;
			files = (
			);
			inputPaths = (
				"${SRCROOT}/Pods/Target Support Files/Pods-DayLights/Pods-DayLights-frameworks.sh",
				"${BUILT_PRODUCTS_DIR}/Charts/Charts.framework",
			);
			name = "[CP] Embed Pods Frameworks";
			outputPaths = (
				"${TARGET_BUILD_DIR}/${FRAMEWORKS_FOLDER_PATH}/Charts.framework",
			);
			runOnlyForDeploymentPostprocessing = 0;
			shellPath = /bin/sh;
			shellScript = "\"${SRCROOT}/Pods/Target Support Files/Pods-DayLights/Pods-DayLights-frameworks.sh\"\n";
			showEnvVarsInLog = 0;
		};
		F6762936226645A6006723F5 /* ShellScript */ = {
			isa = PBXShellScriptBuildPhase;
			buildActionMask = 2147483647;
			files = (
			);
			inputPaths = (
				"$(SRCROOT)/$(BUILT_PRODUCTS_DIR)/$(INFOPLIST_PATH)",
			);
			outputPaths = (
			);
			runOnlyForDeploymentPostprocessing = 0;
			shellPath = /bin/sh;
			shellScript = "# Type a script or drag a script file from your workspace to insert its path.\n\"${PODS_ROOT}/Fabric/run\" 704b97df301458252200f524d2ad4ee22de72e87 ae1335d6c10efa2decd4d0f8bf463bf0886c40f79b53409f5a2bb86a96df1324\n";
		};
/* End PBXShellScriptBuildPhase section */

/* Begin PBXSourcesBuildPhase section */
		F68CF9F52249F1A1001138FE /* Sources */ = {
			isa = PBXSourcesBuildPhase;
			buildActionMask = 2147483647;
			files = (
				F61176272300F35500121F15 /* NegativeThoughtsEntering.swift in Sources */,
				F68CFA052249F1A1001138FE /* DayLights.xcdatamodeld in Sources */,
				F6A0B38922FFE3A400DD8A03 /* EntryAlertCell.swift in Sources */,
				F6E8B628230DD4CA004104D7 /* RandomBalloonsVC.swift in Sources */,
				F68CF9FF2249F1A1001138FE /* ViewController.swift in Sources */,
				F6C6E49A2300F4E700A1612B /* NegativeThoughtsCell.swift in Sources */,
				F616C67D224DE4F300C85721 /* FunnyTableViewCell.swift in Sources */,
				F6E110392300DB330033C4CA /* YesNoAlert.swift in Sources */,
				F61F8E3722FE4C6E00080D31 /* LeftCollectionViewCell.swift in Sources */,
				F69C9E812262B48400CFF1AC /* SearchDayLightCell.swift in Sources */,
				F68954B522FF43BC00D23B5B /* EntryAlert.swift in Sources */,
				F6F79ECD224B3DB700A1DAC8 /* Side.swift in Sources */,
				F627BA3A23091F9A00F888A3 /* EnterNotiAlert.swift in Sources */,
				F6E8B62A230E67E6004104D7 /* GameSettingsAlert.swift in Sources */,
				F69C9E852262DC8000CFF1AC /* ShowAllCell.swift in Sources */,
				F68CFA13224A013B001138FE /* CoreDataHelper.swift in Sources */,
				F69C9E7F2262B43F00CFF1AC /* SearchDayLight.swift in Sources */,
				F68CF9FD2249F1A1001138FE /* AppDelegate.swift in Sources */,
				F6BACC42224DFCEB00430B79 /* MoodVC.swift in Sources */,
				F61832A722506BCE0083886A /* BarCell.swift in Sources */,
				F614E20823010CB50041D628 /* NegativeThoughtsGame.swift in Sources */,
				F6C5B8FC22FE06FE00078675 /* Chart.swift in Sources */,
				F65DA8BB225C660D00DF0F8C /* ResourcesTableViewController.swift in Sources */,
				F627BA3C2309288B00F888A3 /* SettingsVC.swift in Sources */,
				F61F8E3D22FE4FE200080D31 /* DidWellCollectionVC.swift in Sources */,
				F68A4227225C6BF300B56FA1 /* OrganizationCell.swift in Sources */,
				F6C5B8FE22FE1D8200078675 /* GraphTableViewCell.swift in Sources */,
				F627BA362309046700F888A3 /* OKAlert.swift in Sources */,
				F6902856224B1DDF003E26E4 /* ContainerVC.swift in Sources */,
				F627BA3823091DB800F888A3 /* PrivacyPolicyAlert.swift in Sources */,
				F691978F224C975A00554EFA /* DidWellTableViewCell.swift in Sources */,
				F69C9E832262DC7300CFF1AC /* ShowAll.swift in Sources */,
				F6919791224C976500554EFA /* GratefulTableViewCell.swift in Sources */,
				F614E20B230117250041D628 /* GameCell.swift in Sources */,
			);
			runOnlyForDeploymentPostprocessing = 0;
		};
/* End PBXSourcesBuildPhase section */

/* Begin PBXVariantGroup section */
		F68CFA002249F1A1001138FE /* Main.storyboard */ = {
			isa = PBXVariantGroup;
			children = (
				F68CFA012249F1A1001138FE /* Base */,
			);
			name = Main.storyboard;
			sourceTree = "<group>";
		};
		F68CFA082249F1A2001138FE /* LaunchScreen.storyboard */ = {
			isa = PBXVariantGroup;
			children = (
				F68CFA092249F1A2001138FE /* Base */,
			);
			name = LaunchScreen.storyboard;
			sourceTree = "<group>";
		};
/* End PBXVariantGroup section */

/* Begin XCBuildConfiguration section */
		F68CFA0C2249F1A2001138FE /* Debug */ = {
			isa = XCBuildConfiguration;
			buildSettings = {
				ALWAYS_SEARCH_USER_PATHS = NO;
				CLANG_ANALYZER_NONNULL = YES;
				CLANG_ANALYZER_NUMBER_OBJECT_CONVERSION = YES_AGGRESSIVE;
				CLANG_CXX_LANGUAGE_STANDARD = "gnu++14";
				CLANG_CXX_LIBRARY = "libc++";
				CLANG_ENABLE_MODULES = YES;
				CLANG_ENABLE_OBJC_ARC = YES;
				CLANG_ENABLE_OBJC_WEAK = YES;
				CLANG_WARN_BLOCK_CAPTURE_AUTORELEASING = YES;
				CLANG_WARN_BOOL_CONVERSION = YES;
				CLANG_WARN_COMMA = YES;
				CLANG_WARN_CONSTANT_CONVERSION = YES;
				CLANG_WARN_DEPRECATED_OBJC_IMPLEMENTATIONS = YES;
				CLANG_WARN_DIRECT_OBJC_ISA_USAGE = YES_ERROR;
				CLANG_WARN_DOCUMENTATION_COMMENTS = YES;
				CLANG_WARN_EMPTY_BODY = YES;
				CLANG_WARN_ENUM_CONVERSION = YES;
				CLANG_WARN_INFINITE_RECURSION = YES;
				CLANG_WARN_INT_CONVERSION = YES;
				CLANG_WARN_NON_LITERAL_NULL_CONVERSION = YES;
				CLANG_WARN_OBJC_IMPLICIT_RETAIN_SELF = YES;
				CLANG_WARN_OBJC_LITERAL_CONVERSION = YES;
				CLANG_WARN_OBJC_ROOT_CLASS = YES_ERROR;
				CLANG_WARN_RANGE_LOOP_ANALYSIS = YES;
				CLANG_WARN_STRICT_PROTOTYPES = YES;
				CLANG_WARN_SUSPICIOUS_MOVE = YES;
				CLANG_WARN_UNGUARDED_AVAILABILITY = YES_AGGRESSIVE;
				CLANG_WARN_UNREACHABLE_CODE = YES;
				CLANG_WARN__DUPLICATE_METHOD_MATCH = YES;
				CODE_SIGN_IDENTITY = "iPhone Developer";
				COPY_PHASE_STRIP = NO;
				DEBUG_INFORMATION_FORMAT = dwarf;
				ENABLE_STRICT_OBJC_MSGSEND = YES;
				ENABLE_TESTABILITY = YES;
				GCC_C_LANGUAGE_STANDARD = gnu11;
				GCC_DYNAMIC_NO_PIC = NO;
				GCC_NO_COMMON_BLOCKS = YES;
				GCC_OPTIMIZATION_LEVEL = 0;
				GCC_PREPROCESSOR_DEFINITIONS = (
					"DEBUG=1",
					"$(inherited)",
				);
				GCC_WARN_64_TO_32_BIT_CONVERSION = YES;
				GCC_WARN_ABOUT_RETURN_TYPE = YES_ERROR;
				GCC_WARN_UNDECLARED_SELECTOR = YES;
				GCC_WARN_UNINITIALIZED_AUTOS = YES_AGGRESSIVE;
				GCC_WARN_UNUSED_FUNCTION = YES;
				GCC_WARN_UNUSED_VARIABLE = YES;
				IPHONEOS_DEPLOYMENT_TARGET = 12.1;
				MTL_ENABLE_DEBUG_INFO = INCLUDE_SOURCE;
				MTL_FAST_MATH = YES;
				ONLY_ACTIVE_ARCH = YES;
				SDKROOT = iphoneos;
				SWIFT_ACTIVE_COMPILATION_CONDITIONS = DEBUG;
				SWIFT_OPTIMIZATION_LEVEL = "-Onone";
			};
			name = Debug;
		};
		F68CFA0D2249F1A2001138FE /* Release */ = {
			isa = XCBuildConfiguration;
			buildSettings = {
				ALWAYS_SEARCH_USER_PATHS = NO;
				CLANG_ANALYZER_NONNULL = YES;
				CLANG_ANALYZER_NUMBER_OBJECT_CONVERSION = YES_AGGRESSIVE;
				CLANG_CXX_LANGUAGE_STANDARD = "gnu++14";
				CLANG_CXX_LIBRARY = "libc++";
				CLANG_ENABLE_MODULES = YES;
				CLANG_ENABLE_OBJC_ARC = YES;
				CLANG_ENABLE_OBJC_WEAK = YES;
				CLANG_WARN_BLOCK_CAPTURE_AUTORELEASING = YES;
				CLANG_WARN_BOOL_CONVERSION = YES;
				CLANG_WARN_COMMA = YES;
				CLANG_WARN_CONSTANT_CONVERSION = YES;
				CLANG_WARN_DEPRECATED_OBJC_IMPLEMENTATIONS = YES;
				CLANG_WARN_DIRECT_OBJC_ISA_USAGE = YES_ERROR;
				CLANG_WARN_DOCUMENTATION_COMMENTS = YES;
				CLANG_WARN_EMPTY_BODY = YES;
				CLANG_WARN_ENUM_CONVERSION = YES;
				CLANG_WARN_INFINITE_RECURSION = YES;
				CLANG_WARN_INT_CONVERSION = YES;
				CLANG_WARN_NON_LITERAL_NULL_CONVERSION = YES;
				CLANG_WARN_OBJC_IMPLICIT_RETAIN_SELF = YES;
				CLANG_WARN_OBJC_LITERAL_CONVERSION = YES;
				CLANG_WARN_OBJC_ROOT_CLASS = YES_ERROR;
				CLANG_WARN_RANGE_LOOP_ANALYSIS = YES;
				CLANG_WARN_STRICT_PROTOTYPES = YES;
				CLANG_WARN_SUSPICIOUS_MOVE = YES;
				CLANG_WARN_UNGUARDED_AVAILABILITY = YES_AGGRESSIVE;
				CLANG_WARN_UNREACHABLE_CODE = YES;
				CLANG_WARN__DUPLICATE_METHOD_MATCH = YES;
				CODE_SIGN_IDENTITY = "iPhone Developer";
				COPY_PHASE_STRIP = NO;
				DEBUG_INFORMATION_FORMAT = "dwarf-with-dsym";
				ENABLE_NS_ASSERTIONS = NO;
				ENABLE_STRICT_OBJC_MSGSEND = YES;
				GCC_C_LANGUAGE_STANDARD = gnu11;
				GCC_NO_COMMON_BLOCKS = YES;
				GCC_WARN_64_TO_32_BIT_CONVERSION = YES;
				GCC_WARN_ABOUT_RETURN_TYPE = YES_ERROR;
				GCC_WARN_UNDECLARED_SELECTOR = YES;
				GCC_WARN_UNINITIALIZED_AUTOS = YES_AGGRESSIVE;
				GCC_WARN_UNUSED_FUNCTION = YES;
				GCC_WARN_UNUSED_VARIABLE = YES;
				IPHONEOS_DEPLOYMENT_TARGET = 12.1;
				MTL_ENABLE_DEBUG_INFO = NO;
				MTL_FAST_MATH = YES;
				SDKROOT = iphoneos;
				SWIFT_COMPILATION_MODE = wholemodule;
				SWIFT_OPTIMIZATION_LEVEL = "-O";
				VALIDATE_PRODUCT = YES;
			};
			name = Release;
		};
		F68CFA0F2249F1A2001138FE /* Debug */ = {
			isa = XCBuildConfiguration;
			baseConfigurationReference = 36CF2CEA58C2B9C838144870 /* Pods-DayLights.debug.xcconfig */;
			buildSettings = {
				ASSETCATALOG_COMPILER_APPICON_NAME = AppIcon;
				CODE_SIGN_IDENTITY = "iPhone Developer";
				CODE_SIGN_STYLE = Automatic;
				DEVELOPMENT_TEAM = X5ZKFR55NQ;
				INFOPLIST_FILE = DayLights/Info.plist;
				LD_RUNPATH_SEARCH_PATHS = (
					"$(inherited)",
					"@executable_path/Frameworks",
				);
				PRODUCT_BUNDLE_IDENTIFIER = "com.audrey-ha.DayLights";
				PRODUCT_NAME = "$(TARGET_NAME)";
				PROVISIONING_PROFILE_SPECIFIER = "";
				SWIFT_VERSION = 4.2;
				TARGETED_DEVICE_FAMILY = "1,2";
			};
			name = Debug;
		};
		F68CFA102249F1A2001138FE /* Release */ = {
			isa = XCBuildConfiguration;
			baseConfigurationReference = 8084A9830B0DF2E1C65E9034 /* Pods-DayLights.release.xcconfig */;
			buildSettings = {
				ASSETCATALOG_COMPILER_APPICON_NAME = AppIcon;
				CODE_SIGN_IDENTITY = "iPhone Developer";
				CODE_SIGN_STYLE = Automatic;
				DEVELOPMENT_TEAM = X5ZKFR55NQ;
				INFOPLIST_FILE = DayLights/Info.plist;
				LD_RUNPATH_SEARCH_PATHS = (
					"$(inherited)",
					"@executable_path/Frameworks",
				);
				PRODUCT_BUNDLE_IDENTIFIER = "com.audrey-ha.DayLights";
				PRODUCT_NAME = "$(TARGET_NAME)";
				PROVISIONING_PROFILE_SPECIFIER = "";
				SWIFT_VERSION = 4.2;
				TARGETED_DEVICE_FAMILY = "1,2";
			};
			name = Release;
		};
/* End XCBuildConfiguration section */

/* Begin XCConfigurationList section */
		F68CF9F42249F1A1001138FE /* Build configuration list for PBXProject "DayLights" */ = {
			isa = XCConfigurationList;
			buildConfigurations = (
				F68CFA0C2249F1A2001138FE /* Debug */,
				F68CFA0D2249F1A2001138FE /* Release */,
			);
			defaultConfigurationIsVisible = 0;
			defaultConfigurationName = Release;
		};
		F68CFA0E2249F1A2001138FE /* Build configuration list for PBXNativeTarget "DayLights" */ = {
			isa = XCConfigurationList;
			buildConfigurations = (
				F68CFA0F2249F1A2001138FE /* Debug */,
				F68CFA102249F1A2001138FE /* Release */,
			);
			defaultConfigurationIsVisible = 0;
			defaultConfigurationName = Release;
		};
/* End XCConfigurationList section */

/* Begin XCVersionGroup section */
		F68CFA032249F1A1001138FE /* DayLights.xcdatamodeld */ = {
			isa = XCVersionGroup;
			children = (
				F68CFA042249F1A1001138FE /* DayLights.xcdatamodel */,
			);
			currentVersion = F68CFA042249F1A1001138FE /* DayLights.xcdatamodel */;
			path = DayLights.xcdatamodeld;
			sourceTree = "<group>";
			versionGroupType = wrapper.xcdatamodel;
		};
/* End XCVersionGroup section */
	};
	rootObject = F68CF9F12249F1A1001138FE /* Project object */;
}
